
Microsoft Visual Studio Solution File, Format Version 12.00
Project("{FAE04EC0-301F-11D3-BF4B-00C04F79EFBC}") = "Barcode", "Barcode\Barcode.csproj", "{30C12993-3F63-4292-BDE9-77B33948499F}"
EndProject
Project("{FAE04EC0-301F-11D3-BF4B-00C04F79EFBC}") = "QRCode", "QRCode\QRCode.csproj", "{A530A0C3-5B71-46F5-BDE0-3A8FD6FE52D8}"
EndProject
Project("{FAE04EC0-301F-11D3-BF4B-00C04F79EFBC}") = "Test", "Test\Test.csproj", "{8BB6CDFC-D697-4C57-8BC8-BEA8298CF5FF}"
EndProject
Project("{2150E333-8FDC-42A3-9474-1A3956D46DE8}") = "tests", "tests", "{0FC17F5E-12B7-4ED6-ADAB-DB2853BBEA08}"
EndProject
Project("{FAE04EC0-301F-11D3-BF4B-00C04F79EFBC}") = "BarcodeTests", "tests\BarcodeTests\BarcodeTests.csproj", "{840DA614-9EBB-44A1-AEC0-4F4EC51E207F}"
EndProject
Project("{FAE04EC0-301F-11D3-BF4B-00C04F79EFBC}") = "CodeHelpers", "CodeHelpers\CodeHelpers.csproj", "{DF3F2AEE-058C-4AE1-B4B2-46514FA41E96}"
EndProject
Global
	GlobalSection(SolutionConfigurationPlatforms) = preSolution
		Debug|Any CPU = Debug|Any CPU
		Release|Any CPU = Release|Any CPU
	EndGlobalSection
	GlobalSection(ProjectConfigurationPlatforms) = postSolution
		{30C12993-3F63-4292-BDE9-77B33948499F}.Debug|Any CPU.ActiveCfg = Debug|Any CPU
		{30C12993-3F63-4292-BDE9-77B33948499F}.Debug|Any CPU.Build.0 = Debug|Any CPU
		{30C12993-3F63-4292-BDE9-77B33948499F}.Release|Any CPU.ActiveCfg = Release|Any CPU
		{30C12993-3F63-4292-BDE9-77B33948499F}.Release|Any CPU.Build.0 = Release|Any CPU
		{A530A0C3-5B71-46F5-BDE0-3A8FD6FE52D8}.Debug|Any CPU.ActiveCfg = Debug|Any CPU
		{A530A0C3-5B71-46F5-BDE0-3A8FD6FE52D8}.Debug|Any CPU.Build.0 = Debug|Any CPU
		{A530A0C3-5B71-46F5-BDE0-3A8FD6FE52D8}.Release|Any CPU.ActiveCfg = Release|Any CPU
		{A530A0C3-5B71-46F5-BDE0-3A8FD6FE52D8}.Release|Any CPU.Build.0 = Release|Any CPU
		{8BB6CDFC-D697-4C57-8BC8-BEA8298CF5FF}.Debug|Any CPU.ActiveCfg = Debug|Any CPU
		{8BB6CDFC-D697-4C57-8BC8-BEA8298CF5FF}.Debug|Any CPU.Build.0 = Debug|Any CPU
		{8BB6CDFC-D697-4C57-8BC8-BEA8298CF5FF}.Release|Any CPU.ActiveCfg = Release|Any CPU
		{8BB6CDFC-D697-4C57-8BC8-BEA8298CF5FF}.Release|Any CPU.Build.0 = Release|Any CPU
		{840DA614-9EBB-44A1-AEC0-4F4EC51E207F}.Debug|Any CPU.ActiveCfg = Debug|Any CPU
		{840DA614-9EBB-44A1-AEC0-4F4EC51E207F}.Debug|Any CPU.Build.0 = Debug|Any CPU
		{840DA614-9EBB-44A1-AEC0-4F4EC51E207F}.Release|Any CPU.ActiveCfg = Release|Any CPU
		{840DA614-9EBB-44A1-AEC0-4F4EC51E207F}.Release|Any CPU.Build.0 = Release|Any CPU
		{DF3F2AEE-058C-4AE1-B4B2-46514FA41E96}.Debug|Any CPU.ActiveCfg = Debug|Any CPU
		{DF3F2AEE-058C-4AE1-B4B2-46514FA41E96}.Debug|Any CPU.Build.0 = Debug|Any CPU
		{DF3F2AEE-058C-4AE1-B4B2-46514FA41E96}.Release|Any CPU.ActiveCfg = Release|Any CPU
		{DF3F2AEE-058C-4AE1-B4B2-46514FA41E96}.Release|Any CPU.Build.0 = Release|Any CPU
	EndGlobalSection
	GlobalSection(NestedProjects) = preSolution
		{840DA614-9EBB-44A1-AEC0-4F4EC51E207F} = {0FC17F5E-12B7-4ED6-ADAB-DB2853BBEA08}
	EndGlobalSection
EndGlobal
